
Microsoft Visual Studio Solution File, Format Version 12.00
# Visual Studio Version 17
VisualStudioVersion = 17.8.34330.188
MinimumVisualStudioVersion = 10.0.40219.1
Project("{2150E333-8FDC-42A3-9474-1A3956D46DE8}") = "Chromium", "Chromium", "{EE3EBE3D-A7DD-435D-8CD4-2A1743BCBF80}"
EndProject
Project("{8BC9CEB8-8B4A-11D0-8D11-00A0C91BC942}") = "Base", "..\src\Chromium\Base\Base.vcxproj", "{DD47E7A6-9A48-434A-9522-C3E798CA3433}"
	ProjectSection(ProjectDependencies) = postProject
		{8FB6BBBE-9A1D-4140-A115-151D049944E6} = {8FB6BBBE-9A1D-4140-A115-151D049944E6}
		{DF35E2A5-9080-4418-BC89-C3F8BA414F66} = {DF35E2A5-9080-4418-BC89-C3F8BA414F66}
		{F12C814F-ED40-4261-9ED8-470B38E241AE} = {F12C814F-ED40-4261-9ED8-470B38E241AE}
		{F786F287-A2C2-427C-B968-1EDCE2E1851A} = {F786F287-A2C2-427C-B968-1EDCE2E1851A}
	EndProjectSection
EndProject
Project("{8BC9CEB8-8B4A-11D0-8D11-00A0C91BC942}") = "Base_Static", "..\src\Chromium\Base\Base_Static.vcxproj", "{540532A9-FFDF-4C7D-B4C1-87F83B753D66}"
	ProjectSection(ProjectDependencies) = postProject
		{8FB6BBBE-9A1D-4140-A115-151D049944E6} = {8FB6BBBE-9A1D-4140-A115-151D049944E6}
		{DF35E2A5-9080-4418-BC89-C3F8BA414F66} = {DF35E2A5-9080-4418-BC89-C3F8BA414F66}
		{F12C814F-ED40-4261-9ED8-470B38E241AE} = {F12C814F-ED40-4261-9ED8-470B38E241AE}
		{F786F287-A2C2-427C-B968-1EDCE2E1851A} = {F786F287-A2C2-427C-B968-1EDCE2E1851A}
	EndProjectSection
EndProject
Project("{2150E333-8FDC-42A3-9474-1A3956D46DE8}") = "BaseDeps", "BaseDeps", "{EF98767F-89E8-411F-9ABE-5122A210B6DC}"
EndProject
Project("{8BC9CEB8-8B4A-11D0-8D11-00A0C91BC942}") = "dynamic_annotations", "..\src\Chromium\deps\dynamic_annotations\dynamic_annotations.vcxproj", "{F12C814F-ED40-4261-9ED8-470B38E241AE}"
EndProject
Project("{8BC9CEB8-8B4A-11D0-8D11-00A0C91BC942}") = "boringssl", "..\src\Chromium\deps\boringssl\boringssl.vcxproj", "{DF35E2A5-9080-4418-BC89-C3F8BA414F66}"
EndProject
Project("{8BC9CEB8-8B4A-11D0-8D11-00A0C91BC942}") = "modp_b64", "..\src\Chromium\deps\modp_b64\modp_b64.vcxproj", "{F786F287-A2C2-427C-B968-1EDCE2E1851A}"
EndProject
Project("{8BC9CEB8-8B4A-11D0-8D11-00A0C91BC942}") = "pe_image", "..\src\Chromium\deps\pe_image\pe_image.vcxproj", "{8FB6BBBE-9A1D-4140-A115-151D049944E6}"
EndProject
Global
	GlobalSection(SolutionConfigurationPlatforms) = preSolution
		Debug|x64 = Debug|x64
		Debug|x86 = Debug|x86
		Release|x64 = Release|x64
		Release|x86 = Release|x86
	EndGlobalSection
	GlobalSection(ProjectConfigurationPlatforms) = postSolution
		{DD47E7A6-9A48-434A-9522-C3E798CA3433}.Debug|x64.ActiveCfg = Debug|x64
		{DD47E7A6-9A48-434A-9522-C3E798CA3433}.Debug|x64.Build.0 = Debug|x64
		{DD47E7A6-9A48-434A-9522-C3E798CA3433}.Debug|x86.ActiveCfg = Debug|Win32
		{DD47E7A6-9A48-434A-9522-C3E798CA3433}.Debug|x86.Build.0 = Debug|Win32
		{DD47E7A6-9A48-434A-9522-C3E798CA3433}.Release|x64.ActiveCfg = Release|x64
		{DD47E7A6-9A48-434A-9522-C3E798CA3433}.Release|x64.Build.0 = Release|x64
		{DD47E7A6-9A48-434A-9522-C3E798CA3433}.Release|x86.ActiveCfg = Release|Win32
		{DD47E7A6-9A48-434A-9522-C3E798CA3433}.Release|x86.Build.0 = Release|Win32
		{540532A9-FFDF-4C7D-B4C1-87F83B753D66}.Debug|x64.ActiveCfg = Debug|x64
		{540532A9-FFDF-4C7D-B4C1-87F83B753D66}.Debug|x64.Build.0 = Debug|x64
		{540532A9-FFDF-4C7D-B4C1-87F83B753D66}.Debug|x86.ActiveCfg = Debug|Win32
		{540532A9-FFDF-4C7D-B4C1-87F83B753D66}.Debug|x86.Build.0 = Debug|Win32
		{540532A9-FFDF-4C7D-B4C1-87F83B753D66}.Release|x64.ActiveCfg = Release|x64
		{540532A9-FFDF-4C7D-B4C1-87F83B753D66}.Release|x64.Build.0 = Release|x64
		{540532A9-FFDF-4C7D-B4C1-87F83B753D66}.Release|x86.ActiveCfg = Release|Win32
		{540532A9-FFDF-4C7D-B4C1-87F83B753D66}.Release|x86.Build.0 = Release|Win32
		{F12C814F-ED40-4261-9ED8-470B38E241AE}.Debug|x64.ActiveCfg = Debug|x64
		{F12C814F-ED40-4261-9ED8-470B38E241AE}.Debug|x64.Build.0 = Debug|x64
		{F12C814F-ED40-4261-9ED8-470B38E241AE}.Debug|x86.ActiveCfg = Debug|Win32
		{F12C814F-ED40-4261-9ED8-470B38E241AE}.Debug|x86.Build.0 = Debug|Win32
		{F12C814F-ED40-4261-9ED8-470B38E241AE}.Release|x64.ActiveCfg = Release|x64
		{F12C814F-ED40-4261-9ED8-470B38E241AE}.Release|x64.Build.0 = Release|x64
		{F12C814F-ED40-4261-9ED8-470B38E241AE}.Release|x86.ActiveCfg = Release|Win32
		{F12C814F-ED40-4261-9ED8-470B38E241AE}.Release|x86.Build.0 = Release|Win32
		{DF35E2A5-9080-4418-BC89-C3F8BA414F66}.Debug|x64.ActiveCfg = Debug|x64
		{DF35E2A5-9080-4418-BC89-C3F8BA414F66}.Debug|x64.Build.0 = Debug|x64
		{DF35E2A5-9080-4418-BC89-C3F8BA414F66}.Debug|x86.ActiveCfg = Debug|Win32
		{DF35E2A5-9080-4418-BC89-C3F8BA414F66}.Debug|x86.Build.0 = Debug|Win32
		{DF35E2A5-9080-4418-BC89-C3F8BA414F66}.Release|x64.ActiveCfg = Release|x64
		{DF35E2A5-9080-4418-BC89-C3F8BA414F66}.Release|x64.Build.0 = Release|x64
		{DF35E2A5-9080-4418-BC89-C3F8BA414F66}.Release|x86.ActiveCfg = Release|Win32
		{DF35E2A5-9080-4418-BC89-C3F8BA414F66}.Release|x86.Build.0 = Release|Win32
		{F786F287-A2C2-427C-B968-1EDCE2E1851A}.Debug|x64.ActiveCfg = Debug|x64
		{F786F287-A2C2-427C-B968-1EDCE2E1851A}.Debug|x64.Build.0 = Debug|x64
		{F786F287-A2C2-427C-B968-1EDCE2E1851A}.Debug|x86.ActiveCfg = Debug|Win32
		{F786F287-A2C2-427C-B968-1EDCE2E1851A}.Debug|x86.Build.0 = Debug|Win32
		{F786F287-A2C2-427C-B968-1EDCE2E1851A}.Release|x64.ActiveCfg = Release|x64
		{F786F287-A2C2-427C-B968-1EDCE2E1851A}.Release|x64.Build.0 = Release|x64
		{F786F287-A2C2-427C-B968-1EDCE2E1851A}.Release|x86.ActiveCfg = Release|Win32
		{F786F287-A2C2-427C-B968-1EDCE2E1851A}.Release|x86.Build.0 = Release|Win32
		{8FB6BBBE-9A1D-4140-A115-151D049944E6}.Debug|x64.ActiveCfg = Debug|x64
		{8FB6BBBE-9A1D-4140-A115-151D049944E6}.Debug|x64.Build.0 = Debug|x64
		{8FB6BBBE-9A1D-4140-A115-151D049944E6}.Debug|x86.ActiveCfg = Debug|Win32
		{8FB6BBBE-9A1D-4140-A115-151D049944E6}.Debug|x86.Build.0 = Debug|Win32
		{8FB6BBBE-9A1D-4140-A115-151D049944E6}.Release|x64.ActiveCfg = Release|x64
		{8FB6BBBE-9A1D-4140-A115-151D049944E6}.Release|x64.Build.0 = Release|x64
		{8FB6BBBE-9A1D-4140-A115-151D049944E6}.Release|x86.ActiveCfg = Release|Win32
		{8FB6BBBE-9A1D-4140-A115-151D049944E6}.Release|x86.Build.0 = Release|Win32
	EndGlobalSection
	GlobalSection(SolutionProperties) = preSolution
		HideSolutionNode = FALSE
	EndGlobalSection
	GlobalSection(NestedProjects) = preSolution
		{DD47E7A6-9A48-434A-9522-C3E798CA3433} = {EE3EBE3D-A7DD-435D-8CD4-2A1743BCBF80}
		{540532A9-FFDF-4C7D-B4C1-87F83B753D66} = {EE3EBE3D-A7DD-435D-8CD4-2A1743BCBF80}
		{EF98767F-89E8-411F-9ABE-5122A210B6DC} = {EE3EBE3D-A7DD-435D-8CD4-2A1743BCBF80}
		{F12C814F-ED40-4261-9ED8-470B38E241AE} = {EF98767F-89E8-411F-9ABE-5122A210B6DC}
		{DF35E2A5-9080-4418-BC89-C3F8BA414F66} = {EF98767F-89E8-411F-9ABE-5122A210B6DC}
		{F786F287-A2C2-427C-B968-1EDCE2E1851A} = {EF98767F-89E8-411F-9ABE-5122A210B6DC}
		{8FB6BBBE-9A1D-4140-A115-151D049944E6} = {EF98767F-89E8-411F-9ABE-5122A210B6DC}
	EndGlobalSection
	GlobalSection(ExtensibilityGlobals) = postSolution
		SolutionGuid = {2981C9FB-2959-4BBF-B625-8587E123AABA}
	EndGlobalSection
EndGlobal
