
Microsoft Visual Studio Solution File, Format Version 12.00
# Visual Studio Version 17
VisualStudioVersion = 17.8.34330.188
MinimumVisualStudioVersion = 10.0.40219.1
Project("{2150E333-8FDC-42A3-9474-1A3956D46DE8}") = "EXE", "EXE", "{070F5DE2-3DF0-4515-BAC8-F6FE541211B8}"
EndProject
Project("{2150E333-8FDC-42A3-9474-1A3956D46DE8}") = "GoogleBase", "GoogleBase", "{ABFBE3A9-0983-4DCD-A9FE-8A85633924B6}"
EndProject
Project("{2150E333-8FDC-42A3-9474-1A3956D46DE8}") = "Learn", "Learn", "{7B6D2B67-7B1C-42EF-A302-5953E2672F22}"
EndProject
Project("{8BC9CEB8-8B4A-11D0-8D11-00A0C91BC942}") = "TestCusBaseLib", "..\src\Exe\GoogleBase\TestCusBaseLib\TestCusBaseLib.vcxproj", "{D37F3901-77CA-4EB9-AFB1-7F8DBE9E122F}"
EndProject
Project("{2150E333-8FDC-42A3-9474-1A3956D46DE8}") = "Chromium", "Chromium", "{2E8C2B15-9FC7-4BF7-8584-8673E53D0004}"
EndProject
Project("{2150E333-8FDC-42A3-9474-1A3956D46DE8}") = "Thread", "Thread", "{422C1D36-D495-44A8-BDB4-4A848E49BE37}"
EndProject
Project("{8BC9CEB8-8B4A-11D0-8D11-00A0C91BC942}") = "BaseThread", "..\src\Exe\Learn\Chromium\Thread\BaseThread\BaseThread.vcxproj", "{EF026743-0404-4E8D-A18A-3D0DEC877DB7}"
EndProject
Project("{8BC9CEB8-8B4A-11D0-8D11-00A0C91BC942}") = "TestStaticBaseLib", "..\src\Exe\GoogleBase\TestStaticBaseLib\TestStaticBaseLib.vcxproj", "{EADAAC20-91FA-42B6-AC0C-D4DAC3F604E5}"
EndProject
Project("{8BC9CEB8-8B4A-11D0-8D11-00A0C91BC942}") = "RunLoop", "..\src\Exe\Learn\Chromium\Thread\RunLoop\RunLoop.vcxproj", "{AE802A3A-D135-456E-8A19-2B9BC17C64F2}"
EndProject
Project("{8BC9CEB8-8B4A-11D0-8D11-00A0C91BC942}") = "ThreadPool", "..\src\Exe\Learn\Chromium\Thread\ThreadPool\ThreadPool.vcxproj", "{C30A169D-EE0B-425C-8BC9-F714403F36CE}"
EndProject
Global
	GlobalSection(SolutionConfigurationPlatforms) = preSolution
		Debug|Any CPU = Debug|Any CPU
		Debug|ARM64 = Debug|ARM64
		Debug|x64 = Debug|x64
		Debug|x86 = Debug|x86
		Release|Any CPU = Release|Any CPU
		Release|ARM64 = Release|ARM64
		Release|x64 = Release|x64
		Release|x86 = Release|x86
	EndGlobalSection
	GlobalSection(ProjectConfigurationPlatforms) = postSolution
		{D37F3901-77CA-4EB9-AFB1-7F8DBE9E122F}.Debug|Any CPU.ActiveCfg = Debug|x64
		{D37F3901-77CA-4EB9-AFB1-7F8DBE9E122F}.Debug|Any CPU.Build.0 = Debug|x64
		{D37F3901-77CA-4EB9-AFB1-7F8DBE9E122F}.Debug|ARM64.ActiveCfg = Debug|x64
		{D37F3901-77CA-4EB9-AFB1-7F8DBE9E122F}.Debug|ARM64.Build.0 = Debug|x64
		{D37F3901-77CA-4EB9-AFB1-7F8DBE9E122F}.Debug|x64.ActiveCfg = Debug|x64
		{D37F3901-77CA-4EB9-AFB1-7F8DBE9E122F}.Debug|x64.Build.0 = Debug|x64
		{D37F3901-77CA-4EB9-AFB1-7F8DBE9E122F}.Debug|x86.ActiveCfg = Debug|Win32
		{D37F3901-77CA-4EB9-AFB1-7F8DBE9E122F}.Debug|x86.Build.0 = Debug|Win32
		{D37F3901-77CA-4EB9-AFB1-7F8DBE9E122F}.Release|Any CPU.ActiveCfg = Release|x64
		{D37F3901-77CA-4EB9-AFB1-7F8DBE9E122F}.Release|Any CPU.Build.0 = Release|x64
		{D37F3901-77CA-4EB9-AFB1-7F8DBE9E122F}.Release|ARM64.ActiveCfg = Release|x64
		{D37F3901-77CA-4EB9-AFB1-7F8DBE9E122F}.Release|ARM64.Build.0 = Release|x64
		{D37F3901-77CA-4EB9-AFB1-7F8DBE9E122F}.Release|x64.ActiveCfg = Release|x64
		{D37F3901-77CA-4EB9-AFB1-7F8DBE9E122F}.Release|x64.Build.0 = Release|x64
		{D37F3901-77CA-4EB9-AFB1-7F8DBE9E122F}.Release|x86.ActiveCfg = Release|Win32
		{D37F3901-77CA-4EB9-AFB1-7F8DBE9E122F}.Release|x86.Build.0 = Release|Win32
		{EF026743-0404-4E8D-A18A-3D0DEC877DB7}.Debug|Any CPU.ActiveCfg = Debug|x64
		{EF026743-0404-4E8D-A18A-3D0DEC877DB7}.Debug|Any CPU.Build.0 = Debug|x64
		{EF026743-0404-4E8D-A18A-3D0DEC877DB7}.Debug|ARM64.ActiveCfg = Debug|x64
		{EF026743-0404-4E8D-A18A-3D0DEC877DB7}.Debug|ARM64.Build.0 = Debug|x64
		{EF026743-0404-4E8D-A18A-3D0DEC877DB7}.Debug|x64.ActiveCfg = Debug|x64
		{EF026743-0404-4E8D-A18A-3D0DEC877DB7}.Debug|x64.Build.0 = Debug|x64
		{EF026743-0404-4E8D-A18A-3D0DEC877DB7}.Debug|x86.ActiveCfg = Debug|Win32
		{EF026743-0404-4E8D-A18A-3D0DEC877DB7}.Debug|x86.Build.0 = Debug|Win32
		{EF026743-0404-4E8D-A18A-3D0DEC877DB7}.Release|Any CPU.ActiveCfg = Release|x64
		{EF026743-0404-4E8D-A18A-3D0DEC877DB7}.Release|Any CPU.Build.0 = Release|x64
		{EF026743-0404-4E8D-A18A-3D0DEC877DB7}.Release|ARM64.ActiveCfg = Release|x64
		{EF026743-0404-4E8D-A18A-3D0DEC877DB7}.Release|ARM64.Build.0 = Release|x64
		{EF026743-0404-4E8D-A18A-3D0DEC877DB7}.Release|x64.ActiveCfg = Release|x64
		{EF026743-0404-4E8D-A18A-3D0DEC877DB7}.Release|x64.Build.0 = Release|x64
		{EF026743-0404-4E8D-A18A-3D0DEC877DB7}.Release|x86.ActiveCfg = Release|Win32
		{EF026743-0404-4E8D-A18A-3D0DEC877DB7}.Release|x86.Build.0 = Release|Win32
		{EADAAC20-91FA-42B6-AC0C-D4DAC3F604E5}.Debug|Any CPU.ActiveCfg = Debug|x64
		{EADAAC20-91FA-42B6-AC0C-D4DAC3F604E5}.Debug|Any CPU.Build.0 = Debug|x64
		{EADAAC20-91FA-42B6-AC0C-D4DAC3F604E5}.Debug|ARM64.ActiveCfg = Debug|x64
		{EADAAC20-91FA-42B6-AC0C-D4DAC3F604E5}.Debug|ARM64.Build.0 = Debug|x64
		{EADAAC20-91FA-42B6-AC0C-D4DAC3F604E5}.Debug|x64.ActiveCfg = Debug|x64
		{EADAAC20-91FA-42B6-AC0C-D4DAC3F604E5}.Debug|x64.Build.0 = Debug|x64
		{EADAAC20-91FA-42B6-AC0C-D4DAC3F604E5}.Debug|x86.ActiveCfg = Debug|Win32
		{EADAAC20-91FA-42B6-AC0C-D4DAC3F604E5}.Debug|x86.Build.0 = Debug|Win32
		{EADAAC20-91FA-42B6-AC0C-D4DAC3F604E5}.Release|Any CPU.ActiveCfg = Release|x64
		{EADAAC20-91FA-42B6-AC0C-D4DAC3F604E5}.Release|Any CPU.Build.0 = Release|x64
		{EADAAC20-91FA-42B6-AC0C-D4DAC3F604E5}.Release|ARM64.ActiveCfg = Release|x64
		{EADAAC20-91FA-42B6-AC0C-D4DAC3F604E5}.Release|ARM64.Build.0 = Release|x64
		{EADAAC20-91FA-42B6-AC0C-D4DAC3F604E5}.Release|x64.ActiveCfg = Release|x64
		{EADAAC20-91FA-42B6-AC0C-D4DAC3F604E5}.Release|x64.Build.0 = Release|x64
		{EADAAC20-91FA-42B6-AC0C-D4DAC3F604E5}.Release|x86.ActiveCfg = Release|Win32
		{EADAAC20-91FA-42B6-AC0C-D4DAC3F604E5}.Release|x86.Build.0 = Release|Win32
		{AE802A3A-D135-456E-8A19-2B9BC17C64F2}.Debug|Any CPU.ActiveCfg = Debug|x64
		{AE802A3A-D135-456E-8A19-2B9BC17C64F2}.Debug|Any CPU.Build.0 = Debug|x64
		{AE802A3A-D135-456E-8A19-2B9BC17C64F2}.Debug|ARM64.ActiveCfg = Debug|x64
		{AE802A3A-D135-456E-8A19-2B9BC17C64F2}.Debug|ARM64.Build.0 = Debug|x64
		{AE802A3A-D135-456E-8A19-2B9BC17C64F2}.Debug|x64.ActiveCfg = Debug|x64
		{AE802A3A-D135-456E-8A19-2B9BC17C64F2}.Debug|x64.Build.0 = Debug|x64
		{AE802A3A-D135-456E-8A19-2B9BC17C64F2}.Debug|x86.ActiveCfg = Debug|Win32
		{AE802A3A-D135-456E-8A19-2B9BC17C64F2}.Debug|x86.Build.0 = Debug|Win32
		{AE802A3A-D135-456E-8A19-2B9BC17C64F2}.Release|Any CPU.ActiveCfg = Release|x64
		{AE802A3A-D135-456E-8A19-2B9BC17C64F2}.Release|Any CPU.Build.0 = Release|x64
		{AE802A3A-D135-456E-8A19-2B9BC17C64F2}.Release|ARM64.ActiveCfg = Release|x64
		{AE802A3A-D135-456E-8A19-2B9BC17C64F2}.Release|ARM64.Build.0 = Release|x64
		{AE802A3A-D135-456E-8A19-2B9BC17C64F2}.Release|x64.ActiveCfg = Release|x64
		{AE802A3A-D135-456E-8A19-2B9BC17C64F2}.Release|x64.Build.0 = Release|x64
		{AE802A3A-D135-456E-8A19-2B9BC17C64F2}.Release|x86.ActiveCfg = Release|Win32
		{AE802A3A-D135-456E-8A19-2B9BC17C64F2}.Release|x86.Build.0 = Release|Win32
		{C30A169D-EE0B-425C-8BC9-F714403F36CE}.Debug|Any CPU.ActiveCfg = Debug|x64
		{C30A169D-EE0B-425C-8BC9-F714403F36CE}.Debug|Any CPU.Build.0 = Debug|x64
		{C30A169D-EE0B-425C-8BC9-F714403F36CE}.Debug|ARM64.ActiveCfg = Debug|x64
		{C30A169D-EE0B-425C-8BC9-F714403F36CE}.Debug|ARM64.Build.0 = Debug|x64
		{C30A169D-EE0B-425C-8BC9-F714403F36CE}.Debug|x64.ActiveCfg = Debug|x64
		{C30A169D-EE0B-425C-8BC9-F714403F36CE}.Debug|x64.Build.0 = Debug|x64
		{C30A169D-EE0B-425C-8BC9-F714403F36CE}.Debug|x86.ActiveCfg = Debug|Win32
		{C30A169D-EE0B-425C-8BC9-F714403F36CE}.Debug|x86.Build.0 = Debug|Win32
		{C30A169D-EE0B-425C-8BC9-F714403F36CE}.Release|Any CPU.ActiveCfg = Release|x64
		{C30A169D-EE0B-425C-8BC9-F714403F36CE}.Release|Any CPU.Build.0 = Release|x64
		{C30A169D-EE0B-425C-8BC9-F714403F36CE}.Release|ARM64.ActiveCfg = Release|x64
		{C30A169D-EE0B-425C-8BC9-F714403F36CE}.Release|ARM64.Build.0 = Release|x64
		{C30A169D-EE0B-425C-8BC9-F714403F36CE}.Release|x64.ActiveCfg = Release|x64
		{C30A169D-EE0B-425C-8BC9-F714403F36CE}.Release|x64.Build.0 = Release|x64
		{C30A169D-EE0B-425C-8BC9-F714403F36CE}.Release|x86.ActiveCfg = Release|Win32
		{C30A169D-EE0B-425C-8BC9-F714403F36CE}.Release|x86.Build.0 = Release|Win32
	EndGlobalSection
	GlobalSection(SolutionProperties) = preSolution
		HideSolutionNode = FALSE
	EndGlobalSection
	GlobalSection(NestedProjects) = preSolution
		{ABFBE3A9-0983-4DCD-A9FE-8A85633924B6} = {070F5DE2-3DF0-4515-BAC8-F6FE541211B8}
		{7B6D2B67-7B1C-42EF-A302-5953E2672F22} = {070F5DE2-3DF0-4515-BAC8-F6FE541211B8}
		{D37F3901-77CA-4EB9-AFB1-7F8DBE9E122F} = {ABFBE3A9-0983-4DCD-A9FE-8A85633924B6}
		{2E8C2B15-9FC7-4BF7-8584-8673E53D0004} = {7B6D2B67-7B1C-42EF-A302-5953E2672F22}
		{422C1D36-D495-44A8-BDB4-4A848E49BE37} = {2E8C2B15-9FC7-4BF7-8584-8673E53D0004}
		{EF026743-0404-4E8D-A18A-3D0DEC877DB7} = {422C1D36-D495-44A8-BDB4-4A848E49BE37}
		{EADAAC20-91FA-42B6-AC0C-D4DAC3F604E5} = {ABFBE3A9-0983-4DCD-A9FE-8A85633924B6}
		{AE802A3A-D135-456E-8A19-2B9BC17C64F2} = {422C1D36-D495-44A8-BDB4-4A848E49BE37}
		{C30A169D-EE0B-425C-8BC9-F714403F36CE} = {422C1D36-D495-44A8-BDB4-4A848E49BE37}
	EndGlobalSection
	GlobalSection(ExtensibilityGlobals) = postSolution
		SolutionGuid = {BEA27FB2-4B5D-408E-BC76-49B91CE607A2}
	EndGlobalSection
EndGlobal
